
Microsoft Visual Studio Solution File, Format Version 12.00
# Visual Studio 15
VisualStudioVersion = 15.0.27130.2027
MinimumVisualStudioVersion = 10.0.40219.1
Project("{FAE04EC0-301F-11D3-BF4B-00C04F79EFBC}") = "ConvertCsProjReferences", "ConvertCsProjReferences.csproj", "{EA207DB9-985D-4D99-888A-17136AD48920}"
EndProject
Global
	GlobalSection(SolutionConfigurationPlatforms) = preSolution
		Debug|Any CPU = Debug|Any CPU
		Release|Any CPU = Release|Any CPU
	EndGlobalSection
	GlobalSection(ProjectConfigurationPlatforms) = postSolution
		{EA207DB9-985D-4D99-888A-17136AD48920}.Debug|Any CPU.ActiveCfg = Debug|Any CPU
		{EA207DB9-985D-4D99-888A-17136AD48920}.Debug|Any CPU.Build.0 = Debug|Any CPU
		{EA207DB9-985D-4D99-888A-17136AD48920}.Release|Any CPU.ActiveCfg = Release|Any CPU
		{EA207DB9-985D-4D99-888A-17136AD48920}.Release|Any CPU.Build.0 = Release|Any CPU
	EndGlobalSection
	GlobalSection(SolutionProperties) = preSolution
		HideSolutionNode = FALSE
	EndGlobalSection
	GlobalSection(ExtensibilityGlobals) = postSolution
		SolutionGuid = {F70388BE-4152-405A-BE1D-95AA62FF56A5}
	EndGlobalSection
EndGlobal
